// !$*UTF8*$!
{
	archiveVersion = 1;
	classes = {
	};
	objectVersion = 46;
	objects = {

/* Begin PBXBuildFile section */
		28486A181B20AAE600678FBD /* MapKit.framework in Frameworks */ = {isa = PBXBuildFile; fileRef = 28486A171B20AAE600678FBD /* MapKit.framework */; };
		28486A1A1B20AB8A00678FBD /* locations.gpx in Resources */ = {isa = PBXBuildFile; fileRef = 28486A191B20AB8A00678FBD /* locations.gpx */; };
		28486A1D1B20ADB400678FBD /* LocationGram.m in Sources */ = {isa = PBXBuildFile; fileRef = 28486A1C1B20ADB400678FBD /* LocationGram.m */; };
		284ED3601B20A9710090288E /* main.m in Sources */ = {isa = PBXBuildFile; fileRef = 284ED35F1B20A9710090288E /* main.m */; };
		284ED3631B20A9710090288E /* AppDelegate.m in Sources */ = {isa = PBXBuildFile; fileRef = 284ED3621B20A9710090288E /* AppDelegate.m */; };
		284ED3661B20A9710090288E /* ViewController.m in Sources */ = {isa = PBXBuildFile; fileRef = 284ED3651B20A9710090288E /* ViewController.m */; };
		284ED3691B20A9710090288E /* Main.storyboard in Resources */ = {isa = PBXBuildFile; fileRef = 284ED3671B20A9710090288E /* Main.storyboard */; };
		284ED36B1B20A9710090288E /* Images.xcassets in Resources */ = {isa = PBXBuildFile; fileRef = 284ED36A1B20A9710090288E /* Images.xcassets */; };
		284ED36E1B20A9710090288E /* LaunchScreen.xib in Resources */ = {isa = PBXBuildFile; fileRef = 284ED36C1B20A9710090288E /* LaunchScreen.xib */; };
		284ED37A1B20A9710090288E /* GastownPicturesTests.m in Sources */ = {isa = PBXBuildFile; fileRef = 284ED3791B20A9710090288E /* GastownPicturesTests.m */; };
		E7E229A52542DC4B86ECEE1A /* libPods.a in Frameworks */ = {isa = PBXBuildFile; fileRef = E06E9DC870E7270AE3C78F93 /* libPods.a */; };
/* End PBXBuildFile section */

/* Begin PBXContainerItemProxy section */
		284ED3741B20A9710090288E /* PBXContainerItemProxy */ = {
			isa = PBXContainerItemProxy;
			containerPortal = 284ED3521B20A9710090288E /* Project object */;
			proxyType = 1;
			remoteGlobalIDString = 284ED3591B20A9710090288E;
			remoteInfo = GastownPictures;
		};
/* End PBXContainerItemProxy section */

/* Begin PBXFileReference section */
		28486A171B20AAE600678FBD /* MapKit.framework */ = {isa = PBXFileReference; lastKnownFileType = wrapper.framework; name = MapKit.framework; path = System/Library/Frameworks/MapKit.framework; sourceTree = SDKROOT; };
		28486A191B20AB8A00678FBD /* locations.gpx */ = {isa = PBXFileReference; fileEncoding = 4; lastKnownFileType = text; path = locations.gpx; sourceTree = "<group>"; };
		28486A1B1B20ADB400678FBD /* LocationGram.h */ = {isa = PBXFileReference; fileEncoding = 4; lastKnownFileType = sourcecode.c.h; path = LocationGram.h; sourceTree = "<group>"; };
		28486A1C1B20ADB400678FBD /* LocationGram.m */ = {isa = PBXFileReference; fileEncoding = 4; lastKnownFileType = sourcecode.c.objc; path = LocationGram.m; sourceTree = "<group>"; };
		284ED35A1B20A9710090288E /* GastownPictures.app */ = {isa = PBXFileReference; explicitFileType = wrapper.application; includeInIndex = 0; path = GastownPictures.app; sourceTree = BUILT_PRODUCTS_DIR; };
		284ED35E1B20A9710090288E /* Info.plist */ = {isa = PBXFileReference; lastKnownFileType = text.plist.xml; path = Info.plist; sourceTree = "<group>"; };
		284ED35F1B20A9710090288E /* main.m */ = {isa = PBXFileReference; lastKnownFileType = sourcecode.c.objc; path = main.m; sourceTree = "<group>"; };
		284ED3611B20A9710090288E /* AppDelegate.h */ = {isa = PBXFileReference; lastKnownFileType = sourcecode.c.h; path = AppDelegate.h; sourceTree = "<group>"; };
		284ED3621B20A9710090288E /* AppDelegate.m */ = {isa = PBXFileReference; lastKnownFileType = sourcecode.c.objc; path = AppDelegate.m; sourceTree = "<group>"; };
		284ED3641B20A9710090288E /* ViewController.h */ = {isa = PBXFileReference; lastKnownFileType = sourcecode.c.h; path = ViewController.h; sourceTree = "<group>"; };
		284ED3651B20A9710090288E /* ViewController.m */ = {isa = PBXFileReference; lastKnownFileType = sourcecode.c.objc; path = ViewController.m; sourceTree = "<group>"; };
		284ED3681B20A9710090288E /* Base */ = {isa = PBXFileReference; lastKnownFileType = file.storyboard; name = Base; path = Base.lproj/Main.storyboard; sourceTree = "<group>"; };
		284ED36A1B20A9710090288E /* Images.xcassets */ = {isa = PBXFileReference; lastKnownFileType = folder.assetcatalog; path = Images.xcassets; sourceTree = "<group>"; };
		284ED36D1B20A9710090288E /* Base */ = {isa = PBXFileReference; lastKnownFileType = file.xib; name = Base; path = Base.lproj/LaunchScreen.xib; sourceTree = "<group>"; };
		284ED3731B20A9710090288E /* GastownPicturesTests.xctest */ = {isa = PBXFileReference; explicitFileType = wrapper.cfbundle; includeInIndex = 0; path = GastownPicturesTests.xctest; sourceTree = BUILT_PRODUCTS_DIR; };
		284ED3781B20A9710090288E /* Info.plist */ = {isa = PBXFileReference; lastKnownFileType = text.plist.xml; path = Info.plist; sourceTree = "<group>"; };
		284ED3791B20A9710090288E /* GastownPicturesTests.m */ = {isa = PBXFileReference; lastKnownFileType = sourcecode.c.objc; path = GastownPicturesTests.m; sourceTree = "<group>"; };
		B2AE3955D01A6CDAA2BC2CBE /* Pods.debug.xcconfig */ = {isa = PBXFileReference; includeInIndex = 1; lastKnownFileType = text.xcconfig; name = Pods.debug.xcconfig; path = "Pods/Target Support Files/Pods/Pods.debug.xcconfig"; sourceTree = "<group>"; };
		C01D50E4844A143242D21662 /* Pods.release.xcconfig */ = {isa = PBXFileReference; includeInIndex = 1; lastKnownFileType = text.xcconfig; name = Pods.release.xcconfig; path = "Pods/Target Support Files/Pods/Pods.release.xcconfig"; sourceTree = "<group>"; };
		E06E9DC870E7270AE3C78F93 /* libPods.a */ = {isa = PBXFileReference; explicitFileType = archive.ar; includeInIndex = 0; path = libPods.a; sourceTree = BUILT_PRODUCTS_DIR; };
/* End PBXFileReference section */

/* Begin PBXFrameworksBuildPhase section */
		284ED3571B20A9710090288E /* Frameworks */ = {
			isa = PBXFrameworksBuildPhase;
			buildActionMask = 2147483647;
			files = (
				28486A181B20AAE600678FBD /* MapKit.framework in Frameworks */,
				E7E229A52542DC4B86ECEE1A /* libPods.a in Frameworks */,
			);
			runOnlyForDeploymentPostprocessing = 0;
		};
		284ED3701B20A9710090288E /* Frameworks */ = {
			isa = PBXFrameworksBuildPhase;
			buildActionMask = 2147483647;
			files = (
			);
			runOnlyForDeploymentPostprocessing = 0;
		};
/* End PBXFrameworksBuildPhase section */

/* Begin PBXGroup section */
		284ED3511B20A9710090288E = {
			isa = PBXGroup;
			children = (
				284ED35C1B20A9710090288E /* GastownPictures */,
				284ED3761B20A9710090288E /* GastownPicturesTests */,
				284ED35B1B20A9710090288E /* Products */,
				44A74FA7DF565DAF79B600C2 /* Pods */,
				B1215F0B3B3E607F5550D31B /* Frameworks */,
			);
			sourceTree = "<group>";
		};
		284ED35B1B20A9710090288E /* Products */ = {
			isa = PBXGroup;
			children = (
				284ED35A1B20A9710090288E /* GastownPictures.app */,
				284ED3731B20A9710090288E /* GastownPicturesTests.xctest */,
			);
			name = Products;
			sourceTree = "<group>";
		};
		284ED35C1B20A9710090288E /* GastownPictures */ = {
			isa = PBXGroup;
			children = (
				284ED3611B20A9710090288E /* AppDelegate.h */,
				284ED3621B20A9710090288E /* AppDelegate.m */,
				284ED3641B20A9710090288E /* ViewController.h */,
				284ED3651B20A9710090288E /* ViewController.m */,
				284ED3671B20A9710090288E /* Main.storyboard */,
				284ED36A1B20A9710090288E /* Images.xcassets */,
				284ED36C1B20A9710090288E /* LaunchScreen.xib */,
				284ED35D1B20A9710090288E /* Supporting Files */,
				28486A1B1B20ADB400678FBD /* LocationGram.h */,
				28486A1C1B20ADB400678FBD /* LocationGram.m */,
			);
			path = GastownPictures;
			sourceTree = "<group>";
		};
		284ED35D1B20A9710090288E /* Supporting Files */ = {
			isa = PBXGroup;
			children = (
				284ED35E1B20A9710090288E /* Info.plist */,
				284ED35F1B20A9710090288E /* main.m */,
				28486A191B20AB8A00678FBD /* locations.gpx */,
			);
			name = "Supporting Files";
			sourceTree = "<group>";
		};
		284ED3761B20A9710090288E /* GastownPicturesTests */ = {
			isa = PBXGroup;
			children = (
				284ED3791B20A9710090288E /* GastownPicturesTests.m */,
				284ED3771B20A9710090288E /* Supporting Files */,
			);
			path = GastownPicturesTests;
			sourceTree = "<group>";
		};
		284ED3771B20A9710090288E /* Supporting Files */ = {
			isa = PBXGroup;
			children = (
				284ED3781B20A9710090288E /* Info.plist */,
			);
			name = "Supporting Files";
			sourceTree = "<group>";
		};
		44A74FA7DF565DAF79B600C2 /* Pods */ = {
			isa = PBXGroup;
			children = (
				B2AE3955D01A6CDAA2BC2CBE /* Pods.debug.xcconfig */,
				C01D50E4844A143242D21662 /* Pods.release.xcconfig */,
			);
			name = Pods;
			sourceTree = "<group>";
		};
		B1215F0B3B3E607F5550D31B /* Frameworks */ = {
			isa = PBXGroup;
			children = (
				28486A171B20AAE600678FBD /* MapKit.framework */,
				E06E9DC870E7270AE3C78F93 /* libPods.a */,
			);
			name = Frameworks;
			sourceTree = "<group>";
		};
/* End PBXGroup section */

/* Begin PBXNativeTarget section */
		284ED3591B20A9710090288E /* GastownPictures */ = {
			isa = PBXNativeTarget;
			buildConfigurationList = 284ED37D1B20A9710090288E /* Build configuration list for PBXNativeTarget "GastownPictures" */;
			buildPhases = (
				8DA4113BE11DB612D0A77AD7 /* Check Pods Manifest.lock */,
				284ED3561B20A9710090288E /* Sources */,
				284ED3571B20A9710090288E /* Frameworks */,
				284ED3581B20A9710090288E /* Resources */,
				3AA96F41DA449880DC1F3D8D /* Copy Pods Resources */,
			);
			buildRules = (
			);
			dependencies = (
			);
			name = GastownPictures;
			productName = GastownPictures;
			productReference = 284ED35A1B20A9710090288E /* GastownPictures.app */;
			productType = "com.apple.product-type.application";
		};
		284ED3721B20A9710090288E /* GastownPicturesTests */ = {
			isa = PBXNativeTarget;
			buildConfigurationList = 284ED3801B20A9710090288E /* Build configuration list for PBXNativeTarget "GastownPicturesTests" */;
			buildPhases = (
				284ED36F1B20A9710090288E /* Sources */,
				284ED3701B20A9710090288E /* Frameworks */,
				284ED3711B20A9710090288E /* Resources */,
			);
			buildRules = (
			);
			dependencies = (
				284ED3751B20A9710090288E /* PBXTargetDependency */,
			);
			name = GastownPicturesTests;
			productName = GastownPicturesTests;
			productReference = 284ED3731B20A9710090288E /* GastownPicturesTests.xctest */;
			productType = "com.apple.product-type.bundle.unit-test";
		};
/* End PBXNativeTarget section */

/* Begin PBXProject section */
		284ED3521B20A9710090288E /* Project object */ = {
			isa = PBXProject;
			attributes = {
				LastUpgradeCheck = 0630;
				ORGANIZATIONNAME = "Ian MacKinnon";
				TargetAttributes = {
					284ED3591B20A9710090288E = {
						CreatedOnToolsVersion = 6.3.2;
					};
					284ED3721B20A9710090288E = {
						CreatedOnToolsVersion = 6.3.2;
						TestTargetID = 284ED3591B20A9710090288E;
					};
				};
			};
			buildConfigurationList = 284ED3551B20A9710090288E /* Build configuration list for PBXProject "GastownPictures" */;
			compatibilityVersion = "Xcode 3.2";
			developmentRegion = English;
			hasScannedForEncodings = 0;
			knownRegions = (
				en,
				Base,
			);
			mainGroup = 284ED3511B20A9710090288E;
			productRefGroup = 284ED35B1B20A9710090288E /* Products */;
			projectDirPath = "";
			projectRoot = "";
			targets = (
				284ED3591B20A9710090288E /* GastownPictures */,
				284ED3721B20A9710090288E /* GastownPicturesTests */,
			);
		};
/* End PBXProject section */

/* Begin PBXResourcesBuildPhase section */
		284ED3581B20A9710090288E /* Resources */ = {
			isa = PBXResourcesBuildPhase;
			buildActionMask = 2147483647;
			files = (
				284ED3691B20A9710090288E /* Main.storyboard in Resources */,
				284ED36E1B20A9710090288E /* LaunchScreen.xib in Resources */,
				28486A1A1B20AB8A00678FBD /* locations.gpx in Resources */,
				284ED36B1B20A9710090288E /* Images.xcassets in Resources */,
			);
			runOnlyForDeploymentPostprocessing = 0;
		};
		284ED3711B20A9710090288E /* Resources */ = {
			isa = PBXResourcesBuildPhase;
			buildActionMask = 2147483647;
			files = (
			);
			runOnlyForDeploymentPostprocessing = 0;
		};
/* End PBXResourcesBuildPhase section */

/* Begin PBXShellScriptBuildPhase section */
		3AA96F41DA449880DC1F3D8D /* Copy Pods Resources */ = {
			isa = PBXShellScriptBuildPhase;
			buildActionMask = 2147483647;
			files = (
			);
			inputPaths = (
			);
			name = "Copy Pods Resources";
			outputPaths = (
			);
			runOnlyForDeploymentPostprocessing = 0;
			shellPath = /bin/sh;
			shellScript = "\"${SRCROOT}/Pods/Target Support Files/Pods/Pods-resources.sh\"\n";
			showEnvVarsInLog = 0;
		};
		8DA4113BE11DB612D0A77AD7 /* Check Pods Manifest.lock */ = {
			isa = PBXShellScriptBuildPhase;
			buildActionMask = 2147483647;
			files = (
			);
			inputPaths = (
			);
			name = "Check Pods Manifest.lock";
			outputPaths = (
			);
			runOnlyForDeploymentPostprocessing = 0;
			shellPath = /bin/sh;
			shellScript = "diff \"${PODS_ROOT}/../Podfile.lock\" \"${PODS_ROOT}/Manifest.lock\" > /dev/null\nif [[ $? != 0 ]] ; then\n    cat << EOM\nerror: The sandbox is not in sync with the Podfile.lock. Run 'pod install' or update your CocoaPods installation.\nEOM\n    exit 1\nfi\n";
			showEnvVarsInLog = 0;
		};
/* End PBXShellScriptBuildPhase section */

/* Begin PBXSourcesBuildPhase section */
		284ED3561B20A9710090288E /* Sources */ = {
			isa = PBXSourcesBuildPhase;
			buildActionMask = 2147483647;
			files = (
				284ED3661B20A9710090288E /* ViewController.m in Sources */,
				28486A1D1B20ADB400678FBD /* LocationGram.m in Sources */,
				284ED3631B20A9710090288E /* AppDelegate.m in Sources */,
				284ED3601B20A9710090288E /* main.m in Sources */,
			);
			runOnlyForDeploymentPostprocessing = 0;
		};
		284ED36F1B20A9710090288E /* Sources */ = {
			isa = PBXSourcesBuildPhase;
			buildActionMask = 2147483647;
			files = (
				284ED37A1B20A9710090288E /* GastownPicturesTests.m in Sources */,
			);
			runOnlyForDeploymentPostprocessing = 0;
		};
/* End PBXSourcesBuildPhase section */

/* Begin PBXTargetDependency section */
		284ED3751B20A9710090288E /* PBXTargetDependency */ = {
			isa = PBXTargetDependency;
			target = 284ED3591B20A9710090288E /* GastownPictures */;
			targetProxy = 284ED3741B20A9710090288E /* PBXContainerItemProxy */;
		};
/* End PBXTargetDependency section */

/* Begin PBXVariantGroup section */
		284ED3671B20A9710090288E /* Main.storyboard */ = {
			isa = PBXVariantGroup;
			children = (
				284ED3681B20A9710090288E /* Base */,
			);
			name = Main.storyboard;
			sourceTree = "<group>";
		};
		284ED36C1B20A9710090288E /* LaunchScreen.xib */ = {
			isa = PBXVariantGroup;
			children = (
				284ED36D1B20A9710090288E /* Base */,
			);
			name = LaunchScreen.xib;
			sourceTree = "<group>";
		};
/* End PBXVariantGroup section */

/* Begin XCBuildConfiguration section */
		284ED37B1B20A9710090288E /* Debug */ = {
			isa = XCBuildConfiguration;
			buildSettings = {
				ALWAYS_SEARCH_USER_PATHS = NO;
				CLANG_CXX_LANGUAGE_STANDARD = "gnu++0x";
				CLANG_CXX_LIBRARY = "libc++";
				CLANG_ENABLE_MODULES = YES;
				CLANG_ENABLE_OBJC_ARC = YES;
				CLANG_WARN_BOOL_CONVERSION = YES;
				CLANG_WARN_CONSTANT_CONVERSION = YES;
				CLANG_WARN_DIRECT_OBJC_ISA_USAGE = YES_ERROR;
				CLANG_WARN_EMPTY_BODY = YES;
				CLANG_WARN_ENUM_CONVERSION = YES;
				CLANG_WARN_INT_CONVERSION = YES;
				CLANG_WARN_OBJC_ROOT_CLASS = YES_ERROR;
				CLANG_WARN_UNREACHABLE_CODE = YES;
				CLANG_WARN__DUPLICATE_METHOD_MATCH = YES;
				"CODE_SIGN_IDENTITY[sdk=iphoneos*]" = "iPhone Developer";
				COPY_PHASE_STRIP = NO;
				DEBUG_INFORMATION_FORMAT = "dwarf-with-dsym";
				ENABLE_STRICT_OBJC_MSGSEND = YES;
				GCC_C_LANGUAGE_STANDARD = gnu99;
				GCC_DYNAMIC_NO_PIC = NO;
				GCC_NO_COMMON_BLOCKS = YES;
				GCC_OPTIMIZATION_LEVEL = 0;
				GCC_PREPROCESSOR_DEFINITIONS = (
					"DEBUG=1",
					"$(inherited)",
				);
				GCC_SYMBOLS_PRIVATE_EXTERN = NO;
				GCC_WARN_64_TO_32_BIT_CONVERSION = YES;
				GCC_WARN_ABOUT_RETURN_TYPE = YES_ERROR;
				GCC_WARN_UNDECLARED_SELECTOR = YES;
				GCC_WARN_UNINITIALIZED_AUTOS = YES_AGGRESSIVE;
				GCC_WARN_UNUSED_FUNCTION = YES;
				GCC_WARN_UNUSED_VARIABLE = YES;
				IPHONEOS_DEPLOYMENT_TARGET = 8.3;
				MTL_ENABLE_DEBUG_INFO = YES;
				ONLY_ACTIVE_ARCH = YES;
				SDKROOT = iphoneos;
			};
			name = Debug;
		};
		284ED37C1B20A9710090288E /* Release */ = {
			isa = XCBuildConfiguration;
			buildSettings = {
				ALWAYS_SEARCH_USER_PATHS = NO;
				CLANG_CXX_LANGUAGE_STANDARD = "gnu++0x";
				CLANG_CXX_LIBRARY = "libc++";
				CLANG_ENABLE_MODULES = YES;
				CLANG_ENABLE_OBJC_ARC = YES;
				CLANG_WARN_BOOL_CONVERSION = YES;
				CLANG_WARN_CONSTANT_CONVERSION = YES;
				CLANG_WARN_DIRECT_OBJC_ISA_USAGE = YES_ERROR;
				CLANG_WARN_EMPTY_BODY = YES;
				CLANG_WARN_ENUM_CONVERSION = YES;
				CLANG_WARN_INT_CONVERSION = YES;
				CLANG_WARN_OBJC_ROOT_CLASS = YES_ERROR;
				CLANG_WARN_UNREACHABLE_CODE = YES;
				CLANG_WARN__DUPLICATE_METHOD_MATCH = YES;
				"CODE_SIGN_IDENTITY[sdk=iphoneos*]" = "iPhone Developer";
				COPY_PHASE_STRIP = NO;
				DEBUG_INFORMATION_FORMAT = "dwarf-with-dsym";
				ENABLE_NS_ASSERTIONS = NO;
				ENABLE_STRICT_OBJC_MSGSEND = YES;
				GCC_C_LANGUAGE_STANDARD = gnu99;
				GCC_NO_COMMON_BLOCKS = YES;
				GCC_WARN_64_TO_32_BIT_CONVERSION = YES;
				GCC_WARN_ABOUT_RETURN_TYPE = YES_ERROR;
				GCC_WARN_UNDECLARED_SELECTOR = YES;
				GCC_WARN_UNINITIALIZED_AUTOS = YES_AGGRESSIVE;
				GCC_WARN_UNUSED_FUNCTION = YES;
				GCC_WARN_UNUSED_VARIABLE = YES;
				IPHONEOS_DEPLOYMENT_TARGET = 8.3;
				MTL_ENABLE_DEBUG_INFO = NO;
				SDKROOT = iphoneos;
				VALIDATE_PRODUCT = YES;
			};
			name = Release;
		};
		284ED37E1B20A9710090288E /* Debug */ = {
			isa = XCBuildConfiguration;
			baseConfigurationReference = B2AE3955D01A6CDAA2BC2CBE /* Pods.debug.xcconfig */;
			buildSettings = {
				ASSETCATALOG_COMPILER_APPICON_NAME = AppIcon;
				INFOPLIST_FILE = GastownPictures/Info.plist;
				LD_RUNPATH_SEARCH_PATHS = "$(inherited) @executable_path/Frameworks";
				PRODUCT_NAME = "$(TARGET_NAME)";
			};
			name = Debug;
		};
		284ED37F1B20A9710090288E /* Release */ = {
			isa = XCBuildConfiguration;
			baseConfigurationReference = C01D50E4844A143242D21662 /* Pods.release.xcconfig */;
			buildSettings = {
				ASSETCATALOG_COMPILER_APPICON_NAME = AppIcon;
				INFOPLIST_FILE = GastownPictures/Info.plist;
				LD_RUNPATH_SEARCH_PATHS = "$(inherited) @executable_path/Frameworks";
				PRODUCT_NAME = "$(TARGET_NAME)";
			};
			name = Release;
		};
		284ED3811B20A9710090288E /* Debug */ = {
			isa = XCBuildConfiguration;
			buildSettings = {
				BUNDLE_LOADER = "$(TEST_HOST)";
				FRAMEWORK_SEARCH_PATHS = (
					"$(SDKROOT)/Developer/Library/Frameworks",
					"$(inherited)",
				);
				GCC_PREPROCESSOR_DEFINITIONS = (
					"DEBUG=1",
					"$(inherited)",
				);
				INFOPLIST_FILE = GastownPicturesTests/Info.plist;
				LD_RUNPATH_SEARCH_PATHS = "$(inherited) @executable_path/Frameworks @loader_path/Frameworks";
				PRODUCT_NAME = "$(TARGET_NAME)";
				TEST_HOST = "$(BUILT_PRODUCTS_DIR)/GastownPictures.app/GastownPictures";
			};
			name = Debug;
		};
		284ED3821B20A9710090288E /* Release */ = {
			isa = XCBuildConfiguration;
			buildSettings = {
				BUNDLE_LOADER = "$(TEST_HOST)";
				FRAMEWORK_SEARCH_PATHS = (
					"$(SDKROOT)/Developer/Library/Frameworks",
					"$(inherited)",
				);
				INFOPLIST_FILE = GastownPicturesTests/Info.plist;
				LD_RUNPATH_SEARCH_PATHS = "$(inherited) @executable_path/Frameworks @loader_path/Frameworks";
				PRODUCT_NAME = "$(TARGET_NAME)";
				TEST_HOST = "$(BUILT_PRODUCTS_DIR)/GastownPictures.app/GastownPictures";
			};
			name = Release;
		};
/* End XCBuildConfiguration section */

/* Begin XCConfigurationList section */
		284ED3551B20A9710090288E /* Build configuration list for PBXProject "GastownPictures" */ = {
			isa = XCConfigurationList;
			buildConfigurations = (
				284ED37B1B20A9710090288E /* Debug */,
				284ED37C1B20A9710090288E /* Release */,
			);
			defaultConfigurationIsVisible = 0;
			defaultConfigurationName = Release;
		};
		284ED37D1B20A9710090288E /* Build configuration list for PBXNativeTarget "GastownPictures" */ = {
			isa = XCConfigurationList;
			buildConfigurations = (
				284ED37E1B20A9710090288E /* Debug */,
				284ED37F1B20A9710090288E /* Release */,
			);
			defaultConfigurationIsVisible = 0;
			defaultConfigurationName = Release;
		};
		284ED3801B20A9710090288E /* Build configuration list for PBXNativeTarget "GastownPicturesTests" */ = {
			isa = XCConfigurationList;
			buildConfigurations = (
				284ED3811B20A9710090288E /* Debug */,
				284ED3821B20A9710090288E /* Release */,
			);
			defaultConfigurationIsVisible = 0;
			defaultConfigurationName = Release;
		};
/* End XCConfigurationList section */
	};
	rootObject = 284ED3521B20A9710090288E /* Project object */;
}
